// !$*UTF8*$!
{
	archiveVersion = 1;
	classes = {
	};
	objectVersion = 56;
	objects = {

/* Begin PBXBuildFile section */
		C0898CABBFB77165D919D7FC /* Pods_Cocktails.framework in Frameworks */ = {isa = PBXBuildFile; fileRef = BA7AE1AF27E9CCB244D87A71 /* Pods_Cocktails.framework */; };
		CDA5D268290ABA660016A9D6 /* CocktailsApp.swift in Sources */ = {isa = PBXBuildFile; fileRef = CDA5D267290ABA660016A9D6 /* CocktailsApp.swift */; };
		CDA5D26C290ABA670016A9D6 /* Assets.xcassets in Resources */ = {isa = PBXBuildFile; fileRef = CDA5D26B290ABA670016A9D6 /* Assets.xcassets */; };
		CDA5D26F290ABA670016A9D6 /* Preview Assets.xcassets in Resources */ = {isa = PBXBuildFile; fileRef = CDA5D26E290ABA670016A9D6 /* Preview Assets.xcassets */; };
		CDA5D271290ABA670016A9D6 /* Persistence.swift in Sources */ = {isa = PBXBuildFile; fileRef = CDA5D270290ABA670016A9D6 /* Persistence.swift */; };
		CDA5D274290ABA670016A9D6 /* Cocktails.xcdatamodeld in Sources */ = {isa = PBXBuildFile; fileRef = CDA5D272290ABA670016A9D6 /* Cocktails.xcdatamodeld */; };
		CDA5D27B290AC2CF0016A9D6 /* CocktailsListView.swift in Sources */ = {isa = PBXBuildFile; fileRef = CDA5D27A290AC2CF0016A9D6 /* CocktailsListView.swift */; };
		CDA5D27E290AC3450016A9D6 /* CocktailsListViewModel.swift in Sources */ = {isa = PBXBuildFile; fileRef = CDA5D27D290AC3450016A9D6 /* CocktailsListViewModel.swift */; };
		CDA5D285290FF9E20016A9D6 /* CoctailCardView.swift in Sources */ = {isa = PBXBuildFile; fileRef = CDA5D284290FF9E20016A9D6 /* CoctailCardView.swift */; };
		CDA5D2882911212E0016A9D6 /* Color + Hex.swift in Sources */ = {isa = PBXBuildFile; fileRef = CDA5D2872911212E0016A9D6 /* Color + Hex.swift */; };
		CDA5D28D291A81C20016A9D6 /* NetworkService.swift in Sources */ = {isa = PBXBuildFile; fileRef = CDA5D28C291A81C20016A9D6 /* NetworkService.swift */; };
		CDA5D290291A869E0016A9D6 /* ShortDrinkModel.swift in Sources */ = {isa = PBXBuildFile; fileRef = CDA5D28F291A869E0016A9D6 /* ShortDrinkModel.swift */; };
		CDA5D292291A87940016A9D6 /* CocktailsList.swift in Sources */ = {isa = PBXBuildFile; fileRef = CDA5D291291A87940016A9D6 /* CocktailsList.swift */; };
		CDA5D296291D51E40016A9D6 /* CoctailCardViewModel.swift in Sources */ = {isa = PBXBuildFile; fileRef = CDA5D295291D51E40016A9D6 /* CoctailCardViewModel.swift */; };
		CDA5D298292260360016A9D6 /* SectionView.swift in Sources */ = {isa = PBXBuildFile; fileRef = CDA5D297292260360016A9D6 /* SectionView.swift */; };
		CDA5D29B292791990016A9D6 /* CocktailsDetailsView.swift in Sources */ = {isa = PBXBuildFile; fileRef = CDA5D29A292791990016A9D6 /* CocktailsDetailsView.swift */; };
/* End PBXBuildFile section */

/* Begin PBXFileReference section */
		8CE2AB1CA39AA0881DD161AA /* Pods-Cocktails.debug.xcconfig */ = {isa = PBXFileReference; includeInIndex = 1; lastKnownFileType = text.xcconfig; name = "Pods-Cocktails.debug.xcconfig"; path = "Target Support Files/Pods-Cocktails/Pods-Cocktails.debug.xcconfig"; sourceTree = "<group>"; };
		BA7AE1AF27E9CCB244D87A71 /* Pods_Cocktails.framework */ = {isa = PBXFileReference; explicitFileType = wrapper.framework; includeInIndex = 0; path = Pods_Cocktails.framework; sourceTree = BUILT_PRODUCTS_DIR; };
		BAEAD88E1209147ABAC8FE18 /* Pods-Cocktails.release.xcconfig */ = {isa = PBXFileReference; includeInIndex = 1; lastKnownFileType = text.xcconfig; name = "Pods-Cocktails.release.xcconfig"; path = "Target Support Files/Pods-Cocktails/Pods-Cocktails.release.xcconfig"; sourceTree = "<group>"; };
		CDA5D264290ABA660016A9D6 /* Cocktails.app */ = {isa = PBXFileReference; explicitFileType = wrapper.application; includeInIndex = 0; path = Cocktails.app; sourceTree = BUILT_PRODUCTS_DIR; };
		CDA5D267290ABA660016A9D6 /* CocktailsApp.swift */ = {isa = PBXFileReference; lastKnownFileType = sourcecode.swift; path = CocktailsApp.swift; sourceTree = "<group>"; };
		CDA5D26B290ABA670016A9D6 /* Assets.xcassets */ = {isa = PBXFileReference; lastKnownFileType = folder.assetcatalog; path = Assets.xcassets; sourceTree = "<group>"; };
		CDA5D26E290ABA670016A9D6 /* Preview Assets.xcassets */ = {isa = PBXFileReference; lastKnownFileType = folder.assetcatalog; path = "Preview Assets.xcassets"; sourceTree = "<group>"; };
		CDA5D270290ABA670016A9D6 /* Persistence.swift */ = {isa = PBXFileReference; lastKnownFileType = sourcecode.swift; path = Persistence.swift; sourceTree = "<group>"; };
		CDA5D273290ABA670016A9D6 /* Cocktails.xcdatamodel */ = {isa = PBXFileReference; lastKnownFileType = wrapper.xcdatamodel; path = Cocktails.xcdatamodel; sourceTree = "<group>"; };
		CDA5D27A290AC2CF0016A9D6 /* CocktailsListView.swift */ = {isa = PBXFileReference; lastKnownFileType = sourcecode.swift; path = CocktailsListView.swift; sourceTree = "<group>"; };
		CDA5D27D290AC3450016A9D6 /* CocktailsListViewModel.swift */ = {isa = PBXFileReference; lastKnownFileType = sourcecode.swift; path = CocktailsListViewModel.swift; sourceTree = "<group>"; };
		CDA5D284290FF9E20016A9D6 /* CoctailCardView.swift */ = {isa = PBXFileReference; lastKnownFileType = sourcecode.swift; path = CoctailCardView.swift; sourceTree = "<group>"; };
		CDA5D2872911212E0016A9D6 /* Color + Hex.swift */ = {isa = PBXFileReference; lastKnownFileType = sourcecode.swift; path = "Color + Hex.swift"; sourceTree = "<group>"; };
		CDA5D28C291A81C20016A9D6 /* NetworkService.swift */ = {isa = PBXFileReference; lastKnownFileType = sourcecode.swift; path = NetworkService.swift; sourceTree = "<group>"; };
		CDA5D28F291A869E0016A9D6 /* ShortDrinkModel.swift */ = {isa = PBXFileReference; lastKnownFileType = sourcecode.swift; path = ShortDrinkModel.swift; sourceTree = "<group>"; };
		CDA5D291291A87940016A9D6 /* CocktailsList.swift */ = {isa = PBXFileReference; lastKnownFileType = sourcecode.swift; path = CocktailsList.swift; sourceTree = "<group>"; };
		CDA5D295291D51E40016A9D6 /* CoctailCardViewModel.swift */ = {isa = PBXFileReference; lastKnownFileType = sourcecode.swift; path = CoctailCardViewModel.swift; sourceTree = "<group>"; };
		CDA5D297292260360016A9D6 /* SectionView.swift */ = {isa = PBXFileReference; lastKnownFileType = sourcecode.swift; path = SectionView.swift; sourceTree = "<group>"; };
		CDA5D29A292791990016A9D6 /* CocktailsDetailsView.swift */ = {isa = PBXFileReference; lastKnownFileType = sourcecode.swift; path = CocktailsDetailsView.swift; sourceTree = "<group>"; };
/* End PBXFileReference section */

/* Begin PBXFrameworksBuildPhase section */
		CDA5D261290ABA660016A9D6 /* Frameworks */ = {
			isa = PBXFrameworksBuildPhase;
			buildActionMask = 2147483647;
			files = (
				C0898CABBFB77165D919D7FC /* Pods_Cocktails.framework in Frameworks */,
			);
			runOnlyForDeploymentPostprocessing = 0;
		};
/* End PBXFrameworksBuildPhase section */

/* Begin PBXGroup section */
		B9C26478F83652849F978881 /* Frameworks */ = {
			isa = PBXGroup;
			children = (
				BA7AE1AF27E9CCB244D87A71 /* Pods_Cocktails.framework */,
			);
			name = Frameworks;
			sourceTree = "<group>";
		};
		CDA5D25B290ABA660016A9D6 = {
			isa = PBXGroup;
			children = (
				CDA5D266290ABA660016A9D6 /* Cocktails */,
				CDA5D265290ABA660016A9D6 /* Products */,
				FE1CC67DA937881C77C87628 /* Pods */,
				B9C26478F83652849F978881 /* Frameworks */,
			);
			sourceTree = "<group>";
		};
		CDA5D265290ABA660016A9D6 /* Products */ = {
			isa = PBXGroup;
			children = (
				CDA5D264290ABA660016A9D6 /* Cocktails.app */,
			);
			name = Products;
			sourceTree = "<group>";
		};
		CDA5D266290ABA660016A9D6 /* Cocktails */ = {
			isa = PBXGroup;
			children = (
				CDA5D27C290AC3000016A9D6 /* CoctailsListFlow */,
				CDA5D267290ABA660016A9D6 /* CocktailsApp.swift */,
				CDA5D26B290ABA670016A9D6 /* Assets.xcassets */,
				CDA5D270290ABA670016A9D6 /* Persistence.swift */,
				CDA5D272290ABA670016A9D6 /* Cocktails.xcdatamodeld */,
				CDA5D26D290ABA670016A9D6 /* Preview Content */,
			);
			path = Cocktails;
			sourceTree = "<group>";
		};
		CDA5D26D290ABA670016A9D6 /* Preview Content */ = {
			isa = PBXGroup;
			children = (
				CDA5D26E290ABA670016A9D6 /* Preview Assets.xcassets */,
			);
			path = "Preview Content";
			sourceTree = "<group>";
		};
		CDA5D27C290AC3000016A9D6 /* CoctailsListFlow */ = {
			isa = PBXGroup;
			children = (
				CDA5D293291D518E0016A9D6 /* CocktailsListFlow */,
				CDA5D28B291A81A40016A9D6 /* Services */,
				CDA5D28E291A866F0016A9D6 /* Models */,
				CDA5D2862911211E0016A9D6 /* Extensions */,
				CDA5D283290FF98C0016A9D6 /* Views */,
			);
			path = CoctailsListFlow;
			sourceTree = "<group>";
		};
		CDA5D283290FF98C0016A9D6 /* Views */ = {
			isa = PBXGroup;
			children = (
				CDA5D297292260360016A9D6 /* SectionView.swift */,
			);
			path = Views;
			sourceTree = "<group>";
		};
		CDA5D2862911211E0016A9D6 /* Extensions */ = {
			isa = PBXGroup;
			children = (
				CDA5D2872911212E0016A9D6 /* Color + Hex.swift */,
			);
			path = Extensions;
			sourceTree = "<group>";
		};
		CDA5D28B291A81A40016A9D6 /* Services */ = {
			isa = PBXGroup;
			children = (
				CDA5D28C291A81C20016A9D6 /* NetworkService.swift */,
			);
			path = Services;
			sourceTree = "<group>";
		};
		CDA5D28E291A866F0016A9D6 /* Models */ = {
			isa = PBXGroup;
			children = (
				CDA5D28F291A869E0016A9D6 /* ShortDrinkModel.swift */,
				CDA5D291291A87940016A9D6 /* CocktailsList.swift */,
			);
			path = Models;
			sourceTree = "<group>";
		};
		CDA5D293291D518E0016A9D6 /* CocktailsListFlow */ = {
			isa = PBXGroup;
			children = (
				CDA5D299292791750016A9D6 /* CocktailDetails */,
				CDA5D294291D51A50016A9D6 /* CocktailCard */,
				CDA5D27A290AC2CF0016A9D6 /* CocktailsListView.swift */,
				CDA5D27D290AC3450016A9D6 /* CocktailsListViewModel.swift */,
			);
			path = CocktailsListFlow;
			sourceTree = "<group>";
		};
		CDA5D294291D51A50016A9D6 /* CocktailCard */ = {
			isa = PBXGroup;
			children = (
				CDA5D284290FF9E20016A9D6 /* CoctailCardView.swift */,
				CDA5D295291D51E40016A9D6 /* CoctailCardViewModel.swift */,
			);
			path = CocktailCard;
			sourceTree = "<group>";
		};
		CDA5D299292791750016A9D6 /* CocktailDetails */ = {
			isa = PBXGroup;
			children = (
				CDA5D29A292791990016A9D6 /* CocktailsDetailsView.swift */,
			);
			path = CocktailDetails;
			sourceTree = "<group>";
		};
		FE1CC67DA937881C77C87628 /* Pods */ = {
			isa = PBXGroup;
			children = (
				8CE2AB1CA39AA0881DD161AA /* Pods-Cocktails.debug.xcconfig */,
				BAEAD88E1209147ABAC8FE18 /* Pods-Cocktails.release.xcconfig */,
			);
			path = Pods;
			sourceTree = "<group>";
		};
/* End PBXGroup section */

/* Begin PBXNativeTarget section */
		CDA5D263290ABA660016A9D6 /* Cocktails */ = {
			isa = PBXNativeTarget;
			buildConfigurationList = CDA5D277290ABA670016A9D6 /* Build configuration list for PBXNativeTarget "Cocktails" */;
			buildPhases = (
				C291AF133C2BB37756ACF244 /* [CP] Check Pods Manifest.lock */,
				CDA5D260290ABA660016A9D6 /* Sources */,
				CDA5D261290ABA660016A9D6 /* Frameworks */,
				CDA5D262290ABA660016A9D6 /* Resources */,
				64ACF3B11990F22DAA48B3EF /* [CP] Embed Pods Frameworks */,
			);
			buildRules = (
			);
			dependencies = (
			);
			name = Cocktails;
			productName = Cocktails;
			productReference = CDA5D264290ABA660016A9D6 /* Cocktails.app */;
			productType = "com.apple.product-type.application";
		};
/* End PBXNativeTarget section */

/* Begin PBXProject section */
		CDA5D25C290ABA660016A9D6 /* Project object */ = {
			isa = PBXProject;
			attributes = {
				BuildIndependentTargetsInParallel = 1;
				LastSwiftUpdateCheck = 1400;
				LastUpgradeCheck = 1400;
				TargetAttributes = {
					CDA5D263290ABA660016A9D6 = {
						CreatedOnToolsVersion = 14.0;
					};
				};
			};
			buildConfigurationList = CDA5D25F290ABA660016A9D6 /* Build configuration list for PBXProject "Cocktails" */;
			compatibilityVersion = "Xcode 14.0";
			developmentRegion = en;
			hasScannedForEncodings = 0;
			knownRegions = (
				en,
				Base,
			);
			mainGroup = CDA5D25B290ABA660016A9D6;
			productRefGroup = CDA5D265290ABA660016A9D6 /* Products */;
			projectDirPath = "";
			projectRoot = "";
			targets = (
				CDA5D263290ABA660016A9D6 /* Cocktails */,
			);
		};
/* End PBXProject section */

/* Begin PBXResourcesBuildPhase section */
		CDA5D262290ABA660016A9D6 /* Resources */ = {
			isa = PBXResourcesBuildPhase;
			buildActionMask = 2147483647;
			files = (
				CDA5D26F290ABA670016A9D6 /* Preview Assets.xcassets in Resources */,
				CDA5D26C290ABA670016A9D6 /* Assets.xcassets in Resources */,
			);
			runOnlyForDeploymentPostprocessing = 0;
		};
/* End PBXResourcesBuildPhase section */

/* Begin PBXShellScriptBuildPhase section */
		64ACF3B11990F22DAA48B3EF /* [CP] Embed Pods Frameworks */ = {
			isa = PBXShellScriptBuildPhase;
			buildActionMask = 2147483647;
			files = (
			);
			inputFileListPaths = (
				"${PODS_ROOT}/Target Support Files/Pods-Cocktails/Pods-Cocktails-frameworks-${CONFIGURATION}-input-files.xcfilelist",
			);
			name = "[CP] Embed Pods Frameworks";
			outputFileListPaths = (
				"${PODS_ROOT}/Target Support Files/Pods-Cocktails/Pods-Cocktails-frameworks-${CONFIGURATION}-output-files.xcfilelist",
			);
			runOnlyForDeploymentPostprocessing = 0;
			shellPath = /bin/sh;
			shellScript = "\"${PODS_ROOT}/Target Support Files/Pods-Cocktails/Pods-Cocktails-frameworks.sh\"\n";
			showEnvVarsInLog = 0;
		};
		C291AF133C2BB37756ACF244 /* [CP] Check Pods Manifest.lock */ = {
			isa = PBXShellScriptBuildPhase;
			buildActionMask = 2147483647;
			files = (
			);
			inputFileListPaths = (
			);
			inputPaths = (
				"${PODS_PODFILE_DIR_PATH}/Podfile.lock",
				"${PODS_ROOT}/Manifest.lock",
			);
			name = "[CP] Check Pods Manifest.lock";
			outputFileListPaths = (
			);
			outputPaths = (
				"$(DERIVED_FILE_DIR)/Pods-Cocktails-checkManifestLockResult.txt",
			);
			runOnlyForDeploymentPostprocessing = 0;
			shellPath = /bin/sh;
			shellScript = "diff \"${PODS_PODFILE_DIR_PATH}/Podfile.lock\" \"${PODS_ROOT}/Manifest.lock\" > /dev/null\nif [ $? != 0 ] ; then\n    # print error to STDERR\n    echo \"error: The sandbox is not in sync with the Podfile.lock. Run 'pod install' or update your CocoaPods installation.\" >&2\n    exit 1\nfi\n# This output is used by Xcode 'outputs' to avoid re-running this script phase.\necho \"SUCCESS\" > \"${SCRIPT_OUTPUT_FILE_0}\"\n";
			showEnvVarsInLog = 0;
		};
/* End PBXShellScriptBuildPhase section */

/* Begin PBXSourcesBuildPhase section */
		CDA5D260290ABA660016A9D6 /* Sources */ = {
			isa = PBXSourcesBuildPhase;
			buildActionMask = 2147483647;
			files = (
				CDA5D271290ABA670016A9D6 /* Persistence.swift in Sources */,
				CDA5D292291A87940016A9D6 /* CocktailsList.swift in Sources */,
				CDA5D268290ABA660016A9D6 /* CocktailsApp.swift in Sources */,
				CDA5D28D291A81C20016A9D6 /* NetworkService.swift in Sources */,
				CDA5D2882911212E0016A9D6 /* Color + Hex.swift in Sources */,
				CDA5D27B290AC2CF0016A9D6 /* CocktailsListView.swift in Sources */,
				CDA5D296291D51E40016A9D6 /* CoctailCardViewModel.swift in Sources */,
				CDA5D285290FF9E20016A9D6 /* CoctailCardView.swift in Sources */,
				CDA5D298292260360016A9D6 /* SectionView.swift in Sources */,
				CDA5D274290ABA670016A9D6 /* Cocktails.xcdatamodeld in Sources */,
				CDA5D290291A869E0016A9D6 /* ShortDrinkModel.swift in Sources */,
				CDA5D29B292791990016A9D6 /* CocktailsDetailsView.swift in Sources */,
				CDA5D27E290AC3450016A9D6 /* CocktailsListViewModel.swift in Sources */,
			);
			runOnlyForDeploymentPostprocessing = 0;
		};
/* End PBXSourcesBuildPhase section */

/* Begin XCBuildConfiguration section */
		CDA5D275290ABA670016A9D6 /* Debug */ = {
			isa = XCBuildConfiguration;
			buildSettings = {
				ALWAYS_SEARCH_USER_PATHS = NO;
				CLANG_ANALYZER_NONNULL = YES;
				CLANG_ANALYZER_NUMBER_OBJECT_CONVERSION = YES_AGGRESSIVE;
				CLANG_CXX_LANGUAGE_STANDARD = "gnu++20";
				CLANG_ENABLE_MODULES = YES;
				CLANG_ENABLE_OBJC_ARC = YES;
				CLANG_ENABLE_OBJC_WEAK = YES;
				CLANG_WARN_BLOCK_CAPTURE_AUTORELEASING = YES;
				CLANG_WARN_BOOL_CONVERSION = YES;
				CLANG_WARN_COMMA = YES;
				CLANG_WARN_CONSTANT_CONVERSION = YES;
				CLANG_WARN_DEPRECATED_OBJC_IMPLEMENTATIONS = YES;
				CLANG_WARN_DIRECT_OBJC_ISA_USAGE = YES_ERROR;
				CLANG_WARN_DOCUMENTATION_COMMENTS = YES;
				CLANG_WARN_EMPTY_BODY = YES;
				CLANG_WARN_ENUM_CONVERSION = YES;
				CLANG_WARN_INFINITE_RECURSION = YES;
				CLANG_WARN_INT_CONVERSION = YES;
				CLANG_WARN_NON_LITERAL_NULL_CONVERSION = YES;
				CLANG_WARN_OBJC_IMPLICIT_RETAIN_SELF = YES;
				CLANG_WARN_OBJC_LITERAL_CONVERSION = YES;
				CLANG_WARN_OBJC_ROOT_CLASS = YES_ERROR;
				CLANG_WARN_QUOTED_INCLUDE_IN_FRAMEWORK_HEADER = YES;
				CLANG_WARN_RANGE_LOOP_ANALYSIS = YES;
				CLANG_WARN_STRICT_PROTOTYPES = YES;
				CLANG_WARN_SUSPICIOUS_MOVE = YES;
				CLANG_WARN_UNGUARDED_AVAILABILITY = YES_AGGRESSIVE;
				CLANG_WARN_UNREACHABLE_CODE = YES;
				CLANG_WARN__DUPLICATE_METHOD_MATCH = YES;
				COPY_PHASE_STRIP = NO;
				DEBUG_INFORMATION_FORMAT = dwarf;
				ENABLE_STRICT_OBJC_MSGSEND = YES;
				ENABLE_TESTABILITY = YES;
				GCC_C_LANGUAGE_STANDARD = gnu11;
				GCC_DYNAMIC_NO_PIC = NO;
				GCC_NO_COMMON_BLOCKS = YES;
				GCC_OPTIMIZATION_LEVEL = 0;
				GCC_PREPROCESSOR_DEFINITIONS = (
					"DEBUG=1",
					"$(inherited)",
				);
				GCC_WARN_64_TO_32_BIT_CONVERSION = YES;
				GCC_WARN_ABOUT_RETURN_TYPE = YES_ERROR;
				GCC_WARN_UNDECLARED_SELECTOR = YES;
				GCC_WARN_UNINITIALIZED_AUTOS = YES_AGGRESSIVE;
				GCC_WARN_UNUSED_FUNCTION = YES;
				GCC_WARN_UNUSED_VARIABLE = YES;
				IPHONEOS_DEPLOYMENT_TARGET = 16.0;
				MTL_ENABLE_DEBUG_INFO = INCLUDE_SOURCE;
				MTL_FAST_MATH = YES;
				ONLY_ACTIVE_ARCH = YES;
				SDKROOT = iphoneos;
				SWIFT_ACTIVE_COMPILATION_CONDITIONS = DEBUG;
				SWIFT_OPTIMIZATION_LEVEL = "-Onone";
			};
			name = Debug;
		};
		CDA5D276290ABA670016A9D6 /* Release */ = {
			isa = XCBuildConfiguration;
			buildSettings = {
				ALWAYS_SEARCH_USER_PATHS = NO;
				CLANG_ANALYZER_NONNULL = YES;
				CLANG_ANALYZER_NUMBER_OBJECT_CONVERSION = YES_AGGRESSIVE;
				CLANG_CXX_LANGUAGE_STANDARD = "gnu++20";
				CLANG_ENABLE_MODULES = YES;
				CLANG_ENABLE_OBJC_ARC = YES;
				CLANG_ENABLE_OBJC_WEAK = YES;
				CLANG_WARN_BLOCK_CAPTURE_AUTORELEASING = YES;
				CLANG_WARN_BOOL_CONVERSION = YES;
				CLANG_WARN_COMMA = YES;
				CLANG_WARN_CONSTANT_CONVERSION = YES;
				CLANG_WARN_DEPRECATED_OBJC_IMPLEMENTATIONS = YES;
				CLANG_WARN_DIRECT_OBJC_ISA_USAGE = YES_ERROR;
				CLANG_WARN_DOCUMENTATION_COMMENTS = YES;
				CLANG_WARN_EMPTY_BODY = YES;
				CLANG_WARN_ENUM_CONVERSION = YES;
				CLANG_WARN_INFINITE_RECURSION = YES;
				CLANG_WARN_INT_CONVERSION = YES;
				CLANG_WARN_NON_LITERAL_NULL_CONVERSION = YES;
				CLANG_WARN_OBJC_IMPLICIT_RETAIN_SELF = YES;
				CLANG_WARN_OBJC_LITERAL_CONVERSION = YES;
				CLANG_WARN_OBJC_ROOT_CLASS = YES_ERROR;
				CLANG_WARN_QUOTED_INCLUDE_IN_FRAMEWORK_HEADER = YES;
				CLANG_WARN_RANGE_LOOP_ANALYSIS = YES;
				CLANG_WARN_STRICT_PROTOTYPES = YES;
				CLANG_WARN_SUSPICIOUS_MOVE = YES;
				CLANG_WARN_UNGUARDED_AVAILABILITY = YES_AGGRESSIVE;
				CLANG_WARN_UNREACHABLE_CODE = YES;
				CLANG_WARN__DUPLICATE_METHOD_MATCH = YES;
				COPY_PHASE_STRIP = NO;
				DEBUG_INFORMATION_FORMAT = "dwarf-with-dsym";
				ENABLE_NS_ASSERTIONS = NO;
				ENABLE_STRICT_OBJC_MSGSEND = YES;
				GCC_C_LANGUAGE_STANDARD = gnu11;
				GCC_NO_COMMON_BLOCKS = YES;
				GCC_WARN_64_TO_32_BIT_CONVERSION = YES;
				GCC_WARN_ABOUT_RETURN_TYPE = YES_ERROR;
				GCC_WARN_UNDECLARED_SELECTOR = YES;
				GCC_WARN_UNINITIALIZED_AUTOS = YES_AGGRESSIVE;
				GCC_WARN_UNUSED_FUNCTION = YES;
				GCC_WARN_UNUSED_VARIABLE = YES;
				IPHONEOS_DEPLOYMENT_TARGET = 16.0;
				MTL_ENABLE_DEBUG_INFO = NO;
				MTL_FAST_MATH = YES;
				SDKROOT = iphoneos;
				SWIFT_COMPILATION_MODE = wholemodule;
				SWIFT_OPTIMIZATION_LEVEL = "-O";
				VALIDATE_PRODUCT = YES;
			};
			name = Release;
		};
		CDA5D278290ABA670016A9D6 /* Debug */ = {
			isa = XCBuildConfiguration;
			baseConfigurationReference = 8CE2AB1CA39AA0881DD161AA /* Pods-Cocktails.debug.xcconfig */;
			buildSettings = {
				ASSETCATALOG_COMPILER_APPICON_NAME = AppIcon;
				ASSETCATALOG_COMPILER_GLOBAL_ACCENT_COLOR_NAME = AccentColor;
				CODE_SIGN_STYLE = Automatic;
				CURRENT_PROJECT_VERSION = 1;
				DEVELOPMENT_ASSET_PATHS = "\"Cocktails/Preview Content\"";
				DEVELOPMENT_TEAM = JP75JCBT9K;
				ENABLE_PREVIEWS = YES;
				GENERATE_INFOPLIST_FILE = YES;
				INFOPLIST_KEY_UIApplicationSceneManifest_Generation = YES;
				INFOPLIST_KEY_UIApplicationSupportsIndirectInputEvents = YES;
				INFOPLIST_KEY_UILaunchScreen_Generation = YES;
				INFOPLIST_KEY_UISupportedInterfaceOrientations_iPad = "UIInterfaceOrientationPortrait UIInterfaceOrientationPortraitUpsideDown UIInterfaceOrientationLandscapeLeft UIInterfaceOrientationLandscapeRight";
				INFOPLIST_KEY_UISupportedInterfaceOrientations_iPhone = "UIInterfaceOrientationPortrait UIInterfaceOrientationLandscapeLeft UIInterfaceOrientationLandscapeRight";
				LD_RUNPATH_SEARCH_PATHS = (
					"$(inherited)",
					"@executable_path/Frameworks",
				);
				MARKETING_VERSION = 1.0;
				PRODUCT_BUNDLE_IDENTIFIER = yegor.yarashuk.Cocktails;
				PRODUCT_NAME = "$(TARGET_NAME)";
				SWIFT_EMIT_LOC_STRINGS = YES;
				SWIFT_VERSION = 5.0;
				TARGETED_DEVICE_FAMILY = "1,2";
			};
			name = Debug;
		};
		CDA5D279290ABA670016A9D6 /* Release */ = {
			isa = XCBuildConfiguration;
			baseConfigurationReference = BAEAD88E1209147ABAC8FE18 /* Pods-Cocktails.release.xcconfig */;
			buildSettings = {
				ASSETCATALOG_COMPILER_APPICON_NAME = AppIcon;
				ASSETCATALOG_COMPILER_GLOBAL_ACCENT_COLOR_NAME = AccentColor;
				CODE_SIGN_STYLE = Automatic;
				CURRENT_PROJECT_VERSION = 1;
				DEVELOPMENT_ASSET_PATHS = "\"Cocktails/Preview Content\"";
				DEVELOPMENT_TEAM = JP75JCBT9K;
				ENABLE_PREVIEWS = YES;
				GENERATE_INFOPLIST_FILE = YES;
				INFOPLIST_KEY_UIApplicationSceneManifest_Generation = YES;
				INFOPLIST_KEY_UIApplicationSupportsIndirectInputEvents = YES;
				INFOPLIST_KEY_UILaunchScreen_Generation = YES;
				INFOPLIST_KEY_UISupportedInterfaceOrientations_iPad = "UIInterfaceOrientationPortrait UIInterfaceOrientationPortraitUpsideDown UIInterfaceOrientationLandscapeLeft UIInterfaceOrientationLandscapeRight";
				INFOPLIST_KEY_UISupportedInterfaceOrientations_iPhone = "UIInterfaceOrientationPortrait UIInterfaceOrientationLandscapeLeft UIInterfaceOrientationLandscapeRight";
				LD_RUNPATH_SEARCH_PATHS = (
					"$(inherited)",
					"@executable_path/Frameworks",
				);
				MARKETING_VERSION = 1.0;
				PRODUCT_BUNDLE_IDENTIFIER = yegor.yarashuk.Cocktails;
				PRODUCT_NAME = "$(TARGET_NAME)";
				SWIFT_EMIT_LOC_STRINGS = YES;
				SWIFT_VERSION = 5.0;
				TARGETED_DEVICE_FAMILY = "1,2";
			};
			name = Release;
		};
/* End XCBuildConfiguration section */

/* Begin XCConfigurationList section */
		CDA5D25F290ABA660016A9D6 /* Build configuration list for PBXProject "Cocktails" */ = {
			isa = XCConfigurationList;
			buildConfigurations = (
				CDA5D275290ABA670016A9D6 /* Debug */,
				CDA5D276290ABA670016A9D6 /* Release */,
			);
			defaultConfigurationIsVisible = 0;
			defaultConfigurationName = Release;
		};
		CDA5D277290ABA670016A9D6 /* Build configuration list for PBXNativeTarget "Cocktails" */ = {
			isa = XCConfigurationList;
			buildConfigurations = (
				CDA5D278290ABA670016A9D6 /* Debug */,
				CDA5D279290ABA670016A9D6 /* Release */,
			);
			defaultConfigurationIsVisible = 0;
			defaultConfigurationName = Release;
		};
/* End XCConfigurationList section */

/* Begin XCVersionGroup section */
		CDA5D272290ABA670016A9D6 /* Cocktails.xcdatamodeld */ = {
			isa = XCVersionGroup;
			children = (
				CDA5D273290ABA670016A9D6 /* Cocktails.xcdatamodel */,
			);
			currentVersion = CDA5D273290ABA670016A9D6 /* Cocktails.xcdatamodel */;
			path = Cocktails.xcdatamodeld;
			sourceTree = "<group>";
			versionGroupType = wrapper.xcdatamodel;
		};
/* End XCVersionGroup section */
	};
	rootObject = CDA5D25C290ABA660016A9D6 /* Project object */;
}
